
Microsoft Visual Studio Solution File, Format Version 12.00
Project("{FAE04EC0-301F-11D3-BF4B-00C04F79EFBC}") = "algorithm-pattern", "algorithm-pattern\algorithm-pattern.csproj", "{CD47F673-6B8C-4C69-9E2F-F345C2252E1E}"
EndProject
Project("{FAE04EC0-301F-11D3-BF4B-00C04F79EFBC}") = "UnitTest", "UnitTest\UnitTest.csproj", "{F6946260-094F-4C66-963D-9D8245AD28F7}"
EndProject
Global
	GlobalSection(SolutionConfigurationPlatforms) = preSolution
		Debug|Any CPU = Debug|Any CPU
		Release|Any CPU = Release|Any CPU
	EndGlobalSection
	GlobalSection(ProjectConfigurationPlatforms) = postSolution
		{CD47F673-6B8C-4C69-9E2F-F345C2252E1E}.Debug|Any CPU.ActiveCfg = Debug|Any CPU
		{CD47F673-6B8C-4C69-9E2F-F345C2252E1E}.Debug|Any CPU.Build.0 = Debug|Any CPU
		{CD47F673-6B8C-4C69-9E2F-F345C2252E1E}.Release|Any CPU.ActiveCfg = Release|Any CPU
		{CD47F673-6B8C-4C69-9E2F-F345C2252E1E}.Release|Any CPU.Build.0 = Release|Any CPU
		{F6946260-094F-4C66-963D-9D8245AD28F7}.Debug|Any CPU.ActiveCfg = Debug|Any CPU
		{F6946260-094F-4C66-963D-9D8245AD28F7}.Debug|Any CPU.Build.0 = Debug|Any CPU
		{F6946260-094F-4C66-963D-9D8245AD28F7}.Release|Any CPU.ActiveCfg = Release|Any CPU
		{F6946260-094F-4C66-963D-9D8245AD28F7}.Release|Any CPU.Build.0 = Release|Any CPU
	EndGlobalSection
EndGlobal
